
Microsoft Visual Studio Solution File, Format Version 12.00
# Visual Studio Version 16
VisualStudioVersion = 16.0.29215.179
MinimumVisualStudioVersion = 10.0.40219.1
Project("{FAE04EC0-301F-11D3-BF4B-00C04F79EFBC}") = "ConsoleUtils", "ConsoleUtils\ConsoleUtils.csproj", "{7E1AE0AB-1E23-47CB-BAF9-D9FEBE2A3572}"
EndProject
Project("{FAE04EC0-301F-11D3-BF4B-00C04F79EFBC}") = "Tests", "Tests\Tests.csproj", "{DBB0BAFE-F987-4D6D-9E77-AB9D1ABD2913}"
EndProject
Global
	GlobalSection(SolutionConfigurationPlatforms) = preSolution
		Debug|Any CPU = Debug|Any CPU
		Release|Any CPU = Release|Any CPU
	EndGlobalSection
	GlobalSection(ProjectConfigurationPlatforms) = postSolution
		{7E1AE0AB-1E23-47CB-BAF9-D9FEBE2A3572}.Debug|Any CPU.ActiveCfg = Debug|Any CPU
		{7E1AE0AB-1E23-47CB-BAF9-D9FEBE2A3572}.Debug|Any CPU.Build.0 = Debug|Any CPU
		{7E1AE0AB-1E23-47CB-BAF9-D9FEBE2A3572}.Release|Any CPU.ActiveCfg = Release|Any CPU
		{7E1AE0AB-1E23-47CB-BAF9-D9FEBE2A3572}.Release|Any CPU.Build.0 = Release|Any CPU
		{DBB0BAFE-F987-4D6D-9E77-AB9D1ABD2913}.Debug|Any CPU.ActiveCfg = Debug|Any CPU
		{DBB0BAFE-F987-4D6D-9E77-AB9D1ABD2913}.Debug|Any CPU.Build.0 = Debug|Any CPU
		{DBB0BAFE-F987-4D6D-9E77-AB9D1ABD2913}.Release|Any CPU.ActiveCfg = Release|Any CPU
		{DBB0BAFE-F987-4D6D-9E77-AB9D1ABD2913}.Release|Any CPU.Build.0 = Release|Any CPU
	EndGlobalSection
	GlobalSection(SolutionProperties) = preSolution
		HideSolutionNode = FALSE
	EndGlobalSection
	GlobalSection(ExtensibilityGlobals) = postSolution
		SolutionGuid = {38B5D747-26B8-48C5-8CAB-D92943A6FF5D}
	EndGlobalSection
EndGlobal
